
Microsoft Visual Studio Solution File, Format Version 12.00
# Visual Studio Version 17
VisualStudioVersion = 17.0.32014.148
MinimumVisualStudioVersion = 10.0.40219.1
Project("{FAE04EC0-301F-11D3-BF4B-00C04F79EFBC}") = "bd_", "bd_.csproj", "{3AB45275-A9B0-48AD-965C-87E39C8ACBB7}"
EndProject
Global
	GlobalSection(SolutionConfigurationPlatforms) = preSolution
		Debug|Any CPU = Debug|Any CPU
		Release|Any CPU = Release|Any CPU
	EndGlobalSection
	GlobalSection(ProjectConfigurationPlatforms) = postSolution
		{3AB45275-A9B0-48AD-965C-87E39C8ACBB7}.Debug|Any CPU.ActiveCfg = Debug|Any CPU
		{3AB45275-A9B0-48AD-965C-87E39C8ACBB7}.Debug|Any CPU.Build.0 = Debug|Any CPU
		{3AB45275-A9B0-48AD-965C-87E39C8ACBB7}.Release|Any CPU.ActiveCfg = Release|Any CPU
		{3AB45275-A9B0-48AD-965C-87E39C8ACBB7}.Release|Any CPU.Build.0 = Release|Any CPU
	EndGlobalSection
	GlobalSection(SolutionProperties) = preSolution
		HideSolutionNode = FALSE
	EndGlobalSection
	GlobalSection(ExtensibilityGlobals) = postSolution
		SolutionGuid = {A75C389D-0A2D-4166-8770-7FC7D6D495FC}
	EndGlobalSection
EndGlobal
